// !$*UTF8*$!
{
	archiveVersion = 1;
	classes = {
	};
	objectVersion = 56;
	objects = {

/* Begin PBXBuildFile section */
		290EEF2F2C0CC23500DB2809 /* WebViewModel.swift in Sources */ = {isa = PBXBuildFile; fileRef = 290EEF2E2C0CC23500DB2809 /* WebViewModel.swift */; };
		290EEF312C0CC28700DB2809 /* WebViewModelContainer.swift in Sources */ = {isa = PBXBuildFile; fileRef = 290EEF302C0CC28700DB2809 /* WebViewModelContainer.swift */; };
		290EEF352C0CC35800DB2809 /* WindowView.swift in Sources */ = {isa = PBXBuildFile; fileRef = 290EEF342C0CC35800DB2809 /* WindowView.swift */; };
		290EEF382C0CC5BB00DB2809 /* BottomNavigationView.swift in Sources */ = {isa = PBXBuildFile; fileRef = 290EEF372C0CC5BB00DB2809 /* BottomNavigationView.swift */; };
		290EEF3B2C0CCA9500DB2809 /* ThemeColorModifier.swift in Sources */ = {isa = PBXBuildFile; fileRef = 290EEF3A2C0CCA9500DB2809 /* ThemeColorModifier.swift */; };
		290EEF3D2C0CD58B00DB2809 /* AnimateToolbarBackgroundColor.swift in Sources */ = {isa = PBXBuildFile; fileRef = 290EEF3C2C0CD58B00DB2809 /* AnimateToolbarBackgroundColor.swift */; };
		290FFE022BC1BC1300A695F4 /* BrowserView.swift in Sources */ = {isa = PBXBuildFile; fileRef = 290FFE012BC1BC1300A695F4 /* BrowserView.swift */; };
		290FFE072BC1C57B00A695F4 /* KeyWindow.swift in Sources */ = {isa = PBXBuildFile; fileRef = 290FFE062BC1C57B00A695F4 /* KeyWindow.swift */; };
		290FFE092BC1C59100A695F4 /* ViewExtension.swift in Sources */ = {isa = PBXBuildFile; fileRef = 290FFE082BC1C59100A695F4 /* ViewExtension.swift */; };
		2934D9B62BB5DCF1003BFF66 /* ProgressViewStyles.swift in Sources */ = {isa = PBXBuildFile; fileRef = 2934D9B52BB5DCF1003BFF66 /* ProgressViewStyles.swift */; };
		2934D9B92BB6110D003BFF66 /* UrlSearchBar.swift in Sources */ = {isa = PBXBuildFile; fileRef = 2934D9B82BB6110D003BFF66 /* UrlSearchBar.swift */; };
		2934D9BB2BB61C4B003BFF66 /* UrlBarStyleModifier.swift in Sources */ = {isa = PBXBuildFile; fileRef = 2934D9BA2BB61C4B003BFF66 /* UrlBarStyleModifier.swift */; };
		2934D9BD2BB61CBA003BFF66 /* WindowPropertiesExtension.swift in Sources */ = {isa = PBXBuildFile; fileRef = 2934D9BC2BB61CBA003BFF66 /* WindowPropertiesExtension.swift */; };
		29A079D92BA49C79006B9A80 /* ObservableWebViewApp.swift in Sources */ = {isa = PBXBuildFile; fileRef = 29A079D82BA49C79006B9A80 /* ObservableWebViewApp.swift */; };
		29A079DB2BA49C79006B9A80 /* WebViewContainer.swift in Sources */ = {isa = PBXBuildFile; fileRef = 29A079DA2BA49C79006B9A80 /* WebViewContainer.swift */; };
		29A079DD2BA49C7A006B9A80 /* Assets.xcassets in Resources */ = {isa = PBXBuildFile; fileRef = 29A079DC2BA49C7A006B9A80 /* Assets.xcassets */; };
		29A079E02BA49C7A006B9A80 /* Preview Assets.xcassets in Resources */ = {isa = PBXBuildFile; fileRef = 29A079DF2BA49C7A006B9A80 /* Preview Assets.xcassets */; };
		29C109822BA4B0DD00F88BBD /* ObservableWebViewCoordinator.swift in Sources */ = {isa = PBXBuildFile; fileRef = 29C109812BA4B0DD00F88BBD /* ObservableWebViewCoordinator.swift */; };
		29C109852BA4C48600F88BBD /* ObservableWebViewLoadState.swift in Sources */ = {isa = PBXBuildFile; fileRef = 29C109842BA4C48600F88BBD /* ObservableWebViewLoadState.swift */; };
		29C1098B2BA4E4BA00F88BBD /* PlatformColor.swift in Sources */ = {isa = PBXBuildFile; fileRef = 29C1098A2BA4E4BA00F88BBD /* PlatformColor.swift */; };
		29C1098E2BA4E89B00F88BBD /* SFSymbol.swift in Sources */ = {isa = PBXBuildFile; fileRef = 29C1098D2BA4E89B00F88BBD /* SFSymbol.swift */; };
		29C109912BA4E8CB00F88BBD /* SymbolButtons.swift in Sources */ = {isa = PBXBuildFile; fileRef = 29C109902BA4E8CB00F88BBD /* SymbolButtons.swift */; };
		29CF6F5F2BA9FF9000C4E482 /* CustomizableBrowserToolbar.swift in Sources */ = {isa = PBXBuildFile; fileRef = 29CF6F5E2BA9FF9000C4E482 /* CustomizableBrowserToolbar.swift */; };
		29CF6F622BAA13E800C4E482 /* UrlSearchBarTextField.swift in Sources */ = {isa = PBXBuildFile; fileRef = 29CF6F612BAA13E800C4E482 /* UrlSearchBarTextField.swift */; };
		29CF6F642BAA14C700C4E482 /* CustomizableToolbarIdentifiers.swift in Sources */ = {isa = PBXBuildFile; fileRef = 29CF6F632BAA14C700C4E482 /* CustomizableToolbarIdentifiers.swift */; };
		29CF6F662BAA156800C4E482 /* WindowProperties.swift in Sources */ = {isa = PBXBuildFile; fileRef = 29CF6F652BAA156800C4E482 /* WindowProperties.swift */; };
		29EA6FDB2BA49F1300C8AB11 /* ObservableWebViewManager.swift in Sources */ = {isa = PBXBuildFile; fileRef = 29EA6FDA2BA49F1300C8AB11 /* ObservableWebViewManager.swift */; };
		29EA6FDD2BA4A03500C8AB11 /* ObservableWebView.swift in Sources */ = {isa = PBXBuildFile; fileRef = 29EA6FDC2BA4A03500C8AB11 /* ObservableWebView.swift */; };
		29FF78792C0CD9860080E353 /* ObservableScriptMessageHandlerModifier.swift in Sources */ = {isa = PBXBuildFile; fileRef = 29FF78782C0CD9860080E353 /* ObservableScriptMessageHandlerModifier.swift */; };
		29FF787D2C0CE2500080E353 /* Delay.swift in Sources */ = {isa = PBXBuildFile; fileRef = 29FF787C2C0CE2500080E353 /* Delay.swift */; };
/* End PBXBuildFile section */

/* Begin PBXFileReference section */
		290EEF2E2C0CC23500DB2809 /* WebViewModel.swift */ = {isa = PBXFileReference; lastKnownFileType = sourcecode.swift; path = WebViewModel.swift; sourceTree = "<group>"; };
		290EEF302C0CC28700DB2809 /* WebViewModelContainer.swift */ = {isa = PBXFileReference; lastKnownFileType = sourcecode.swift; path = WebViewModelContainer.swift; sourceTree = "<group>"; };
		290EEF342C0CC35800DB2809 /* WindowView.swift */ = {isa = PBXFileReference; lastKnownFileType = sourcecode.swift; path = WindowView.swift; sourceTree = "<group>"; };
		290EEF372C0CC5BB00DB2809 /* BottomNavigationView.swift */ = {isa = PBXFileReference; lastKnownFileType = sourcecode.swift; path = BottomNavigationView.swift; sourceTree = "<group>"; };
		290EEF3A2C0CCA9500DB2809 /* ThemeColorModifier.swift */ = {isa = PBXFileReference; lastKnownFileType = sourcecode.swift; path = ThemeColorModifier.swift; sourceTree = "<group>"; };
		290EEF3C2C0CD58B00DB2809 /* AnimateToolbarBackgroundColor.swift */ = {isa = PBXFileReference; lastKnownFileType = sourcecode.swift; path = AnimateToolbarBackgroundColor.swift; sourceTree = "<group>"; };
		290FFE012BC1BC1300A695F4 /* BrowserView.swift */ = {isa = PBXFileReference; lastKnownFileType = sourcecode.swift; path = BrowserView.swift; sourceTree = "<group>"; };
		290FFE062BC1C57B00A695F4 /* KeyWindow.swift */ = {isa = PBXFileReference; lastKnownFileType = sourcecode.swift; path = KeyWindow.swift; sourceTree = "<group>"; };
		290FFE082BC1C59100A695F4 /* ViewExtension.swift */ = {isa = PBXFileReference; lastKnownFileType = sourcecode.swift; path = ViewExtension.swift; sourceTree = "<group>"; };
		2934D9B52BB5DCF1003BFF66 /* ProgressViewStyles.swift */ = {isa = PBXFileReference; lastKnownFileType = sourcecode.swift; path = ProgressViewStyles.swift; sourceTree = "<group>"; };
		2934D9B82BB6110D003BFF66 /* UrlSearchBar.swift */ = {isa = PBXFileReference; lastKnownFileType = sourcecode.swift; path = UrlSearchBar.swift; sourceTree = "<group>"; };
		2934D9BA2BB61C4B003BFF66 /* UrlBarStyleModifier.swift */ = {isa = PBXFileReference; lastKnownFileType = sourcecode.swift; path = UrlBarStyleModifier.swift; sourceTree = "<group>"; };
		2934D9BC2BB61CBA003BFF66 /* WindowPropertiesExtension.swift */ = {isa = PBXFileReference; lastKnownFileType = sourcecode.swift; path = WindowPropertiesExtension.swift; sourceTree = "<group>"; };
		29A079D52BA49C79006B9A80 /* ObservableWebView.app */ = {isa = PBXFileReference; explicitFileType = wrapper.application; includeInIndex = 0; path = ObservableWebView.app; sourceTree = BUILT_PRODUCTS_DIR; };
		29A079D82BA49C79006B9A80 /* ObservableWebViewApp.swift */ = {isa = PBXFileReference; lastKnownFileType = sourcecode.swift; path = ObservableWebViewApp.swift; sourceTree = "<group>"; };
		29A079DA2BA49C79006B9A80 /* WebViewContainer.swift */ = {isa = PBXFileReference; lastKnownFileType = sourcecode.swift; path = WebViewContainer.swift; sourceTree = "<group>"; };
		29A079DC2BA49C7A006B9A80 /* Assets.xcassets */ = {isa = PBXFileReference; lastKnownFileType = folder.assetcatalog; path = Assets.xcassets; sourceTree = "<group>"; };
		29A079DF2BA49C7A006B9A80 /* Preview Assets.xcassets */ = {isa = PBXFileReference; lastKnownFileType = folder.assetcatalog; path = "Preview Assets.xcassets"; sourceTree = "<group>"; };
		29A079E12BA49C7A006B9A80 /* ObservableWebView.entitlements */ = {isa = PBXFileReference; lastKnownFileType = text.plist.entitlements; path = ObservableWebView.entitlements; sourceTree = "<group>"; };
		29C109812BA4B0DD00F88BBD /* ObservableWebViewCoordinator.swift */ = {isa = PBXFileReference; lastKnownFileType = sourcecode.swift; path = ObservableWebViewCoordinator.swift; sourceTree = "<group>"; };
		29C109842BA4C48600F88BBD /* ObservableWebViewLoadState.swift */ = {isa = PBXFileReference; lastKnownFileType = sourcecode.swift; path = ObservableWebViewLoadState.swift; sourceTree = "<group>"; };
		29C109872BA4DA6300F88BBD /* Metal.framework */ = {isa = PBXFileReference; lastKnownFileType = wrapper.framework; name = Metal.framework; path = System/Library/Frameworks/Metal.framework; sourceTree = SDKROOT; };
		29C1098A2BA4E4BA00F88BBD /* PlatformColor.swift */ = {isa = PBXFileReference; lastKnownFileType = sourcecode.swift; path = PlatformColor.swift; sourceTree = "<group>"; };
		29C1098D2BA4E89B00F88BBD /* SFSymbol.swift */ = {isa = PBXFileReference; lastKnownFileType = sourcecode.swift; path = SFSymbol.swift; sourceTree = "<group>"; };
		29C109902BA4E8CB00F88BBD /* SymbolButtons.swift */ = {isa = PBXFileReference; lastKnownFileType = sourcecode.swift; path = SymbolButtons.swift; sourceTree = "<group>"; };
		29CF6F5E2BA9FF9000C4E482 /* CustomizableBrowserToolbar.swift */ = {isa = PBXFileReference; lastKnownFileType = sourcecode.swift; path = CustomizableBrowserToolbar.swift; sourceTree = "<group>"; };
		29CF6F612BAA13E800C4E482 /* UrlSearchBarTextField.swift */ = {isa = PBXFileReference; lastKnownFileType = sourcecode.swift; path = UrlSearchBarTextField.swift; sourceTree = "<group>"; };
		29CF6F632BAA14C700C4E482 /* CustomizableToolbarIdentifiers.swift */ = {isa = PBXFileReference; lastKnownFileType = sourcecode.swift; path = CustomizableToolbarIdentifiers.swift; sourceTree = "<group>"; };
		29CF6F652BAA156800C4E482 /* WindowProperties.swift */ = {isa = PBXFileReference; lastKnownFileType = sourcecode.swift; path = WindowProperties.swift; sourceTree = "<group>"; };
		29EA6FDA2BA49F1300C8AB11 /* ObservableWebViewManager.swift */ = {isa = PBXFileReference; lastKnownFileType = sourcecode.swift; path = ObservableWebViewManager.swift; sourceTree = "<group>"; };
		29EA6FDC2BA4A03500C8AB11 /* ObservableWebView.swift */ = {isa = PBXFileReference; lastKnownFileType = sourcecode.swift; path = ObservableWebView.swift; sourceTree = "<group>"; };
		29FF78782C0CD9860080E353 /* ObservableScriptMessageHandlerModifier.swift */ = {isa = PBXFileReference; lastKnownFileType = sourcecode.swift; path = ObservableScriptMessageHandlerModifier.swift; sourceTree = "<group>"; };
		29FF787C2C0CE2500080E353 /* Delay.swift */ = {isa = PBXFileReference; lastKnownFileType = sourcecode.swift; path = Delay.swift; sourceTree = "<group>"; };
/* End PBXFileReference section */

/* Begin PBXFrameworksBuildPhase section */
		29A079D22BA49C79006B9A80 /* Frameworks */ = {
			isa = PBXFrameworksBuildPhase;
			buildActionMask = 2147483647;
			files = (
			);
			runOnlyForDeploymentPostprocessing = 0;
		};
/* End PBXFrameworksBuildPhase section */

/* Begin PBXGroup section */
		290EEF2D2C0CC21E00DB2809 /* ViewModelExample */ = {
			isa = PBXGroup;
			children = (
				290EEF2E2C0CC23500DB2809 /* WebViewModel.swift */,
				290EEF302C0CC28700DB2809 /* WebViewModelContainer.swift */,
			);
			path = ViewModelExample;
			sourceTree = "<group>";
		};
		290EEF322C0CC2B600DB2809 /* ViewExample */ = {
			isa = PBXGroup;
			children = (
				29A079DA2BA49C79006B9A80 /* WebViewContainer.swift */,
			);
			path = ViewExample;
			sourceTree = "<group>";
		};
		290EEF362C0CC5A600DB2809 /* Helpers */ = {
			isa = PBXGroup;
			children = (
				290EEF372C0CC5BB00DB2809 /* BottomNavigationView.swift */,
			);
			path = Helpers;
			sourceTree = "<group>";
		};
		290EEF392C0CCA7F00DB2809 /* Modifiers */ = {
			isa = PBXGroup;
			children = (
				290EEF3A2C0CCA9500DB2809 /* ThemeColorModifier.swift */,
				290EEF3C2C0CD58B00DB2809 /* AnimateToolbarBackgroundColor.swift */,
			);
			path = Modifiers;
			sourceTree = "<group>";
		};
		290FFE032BC1C4F900A695F4 /* Extensions */ = {
			isa = PBXGroup;
			children = (
				290FFE082BC1C59100A695F4 /* ViewExtension.swift */,
			);
			path = Extensions;
			sourceTree = "<group>";
		};
		290FFE042BC1C54F00A695F4 /* Views */ = {
			isa = PBXGroup;
			children = (
				290FFE012BC1BC1300A695F4 /* BrowserView.swift */,
				290EEF322C0CC2B600DB2809 /* ViewExample */,
				290EEF2D2C0CC21E00DB2809 /* ViewModelExample */,
				290EEF362C0CC5A600DB2809 /* Helpers */,
				290EEF392C0CCA7F00DB2809 /* Modifiers */,
				290FFE032BC1C4F900A695F4 /* Extensions */,
			);
			path = Views;
			sourceTree = "<group>";
		};
		290FFE052BC1C56400A695F4 /* Representables */ = {
			isa = PBXGroup;
			children = (
				290FFE062BC1C57B00A695F4 /* KeyWindow.swift */,
			);
			path = Representables;
			sourceTree = "<group>";
		};
		2934D9B72BB5EB9C003BFF66 /* UrlSearchBar */ = {
			isa = PBXGroup;
			children = (
				2934D9BA2BB61C4B003BFF66 /* UrlBarStyleModifier.swift */,
				2934D9B82BB6110D003BFF66 /* UrlSearchBar.swift */,
				29CF6F612BAA13E800C4E482 /* UrlSearchBarTextField.swift */,
				2934D9BC2BB61CBA003BFF66 /* WindowPropertiesExtension.swift */,
				2934D9B52BB5DCF1003BFF66 /* ProgressViewStyles.swift */,
			);
			path = UrlSearchBar;
			sourceTree = "<group>";
		};
		29A079CC2BA49C79006B9A80 = {
			isa = PBXGroup;
			children = (
				29A079D72BA49C79006B9A80 /* ObservableWebView */,
				29A079D62BA49C79006B9A80 /* Products */,
				29C109862BA4DA6300F88BBD /* Frameworks */,
			);
			sourceTree = "<group>";
		};
		29A079D62BA49C79006B9A80 /* Products */ = {
			isa = PBXGroup;
			children = (
				29A079D52BA49C79006B9A80 /* ObservableWebView.app */,
			);
			name = Products;
			sourceTree = "<group>";
		};
		29A079D72BA49C79006B9A80 /* ObservableWebView */ = {
			isa = PBXGroup;
			children = (
				29A079D82BA49C79006B9A80 /* ObservableWebViewApp.swift */,
				29CF6F652BAA156800C4E482 /* WindowProperties.swift */,
				290EEF342C0CC35800DB2809 /* WindowView.swift */,
				290FFE042BC1C54F00A695F4 /* Views */,
				29CF6F602BAA13BE00C4E482 /* Toolbar */,
				29C109892BA4E4A600F88BBD /* Plugins */,
				29C109832BA4C45500F88BBD /* Package */,
				29A079DC2BA49C7A006B9A80 /* Assets.xcassets */,
				29A079E12BA49C7A006B9A80 /* ObservableWebView.entitlements */,
				29A079DE2BA49C7A006B9A80 /* Preview Content */,
			);
			path = ObservableWebView;
			sourceTree = "<group>";
		};
		29A079DE2BA49C7A006B9A80 /* Preview Content */ = {
			isa = PBXGroup;
			children = (
				29A079DF2BA49C7A006B9A80 /* Preview Assets.xcassets */,
			);
			path = "Preview Content";
			sourceTree = "<group>";
		};
		29C109832BA4C45500F88BBD /* Package */ = {
			isa = PBXGroup;
			children = (
				29FF787B2C0CE23E0080E353 /* Utilities */,
				29FF787A2C0CE2300080E353 /* Extensions */,
				29FF78772C0CD97B0080E353 /* Modifiers */,
				29C109842BA4C48600F88BBD /* ObservableWebViewLoadState.swift */,
				29EA6FDA2BA49F1300C8AB11 /* ObservableWebViewManager.swift */,
				29C109812BA4B0DD00F88BBD /* ObservableWebViewCoordinator.swift */,
				29EA6FDC2BA4A03500C8AB11 /* ObservableWebView.swift */,
			);
			path = Package;
			sourceTree = "<group>";
		};
		29C109862BA4DA6300F88BBD /* Frameworks */ = {
			isa = PBXGroup;
			children = (
				29C109872BA4DA6300F88BBD /* Metal.framework */,
			);
			name = Frameworks;
			sourceTree = "<group>";
		};
		29C109892BA4E4A600F88BBD /* Plugins */ = {
			isa = PBXGroup;
			children = (
				29C1098F2BA4E8A200F88BBD /* Colors */,
				29C1098C2BA4E88B00F88BBD /* Symbols */,
			);
			path = Plugins;
			sourceTree = "<group>";
		};
		29C1098C2BA4E88B00F88BBD /* Symbols */ = {
			isa = PBXGroup;
			children = (
				29C1098D2BA4E89B00F88BBD /* SFSymbol.swift */,
				29C109902BA4E8CB00F88BBD /* SymbolButtons.swift */,
			);
			path = Symbols;
			sourceTree = "<group>";
		};
		29C1098F2BA4E8A200F88BBD /* Colors */ = {
			isa = PBXGroup;
			children = (
				29C1098A2BA4E4BA00F88BBD /* PlatformColor.swift */,
			);
			path = Colors;
			sourceTree = "<group>";
		};
		29CF6F602BAA13BE00C4E482 /* Toolbar */ = {
			isa = PBXGroup;
			children = (
				29CF6F632BAA14C700C4E482 /* CustomizableToolbarIdentifiers.swift */,
				29CF6F5E2BA9FF9000C4E482 /* CustomizableBrowserToolbar.swift */,
				2934D9B72BB5EB9C003BFF66 /* UrlSearchBar */,
				290FFE052BC1C56400A695F4 /* Representables */,
			);
			path = Toolbar;
			sourceTree = "<group>";
		};
		29FF78772C0CD97B0080E353 /* Modifiers */ = {
			isa = PBXGroup;
			children = (
				29FF78782C0CD9860080E353 /* ObservableScriptMessageHandlerModifier.swift */,
			);
			path = Modifiers;
			sourceTree = "<group>";
		};
		29FF787A2C0CE2300080E353 /* Extensions */ = {
			isa = PBXGroup;
			children = (
			);
			path = Extensions;
			sourceTree = "<group>";
		};
		29FF787B2C0CE23E0080E353 /* Utilities */ = {
			isa = PBXGroup;
			children = (
				29FF787C2C0CE2500080E353 /* Delay.swift */,
			);
			path = Utilities;
			sourceTree = "<group>";
		};
/* End PBXGroup section */

/* Begin PBXNativeTarget section */
		29A079D42BA49C79006B9A80 /* ObservableWebView */ = {
			isa = PBXNativeTarget;
			buildConfigurationList = 29A079E42BA49C7A006B9A80 /* Build configuration list for PBXNativeTarget "ObservableWebView" */;
			buildPhases = (
				29A079D12BA49C79006B9A80 /* Sources */,
				29A079D22BA49C79006B9A80 /* Frameworks */,
				29A079D32BA49C79006B9A80 /* Resources */,
			);
			buildRules = (
			);
			dependencies = (
			);
			name = ObservableWebView;
			productName = ObservableWebView;
			productReference = 29A079D52BA49C79006B9A80 /* ObservableWebView.app */;
			productType = "com.apple.product-type.application";
		};
/* End PBXNativeTarget section */

/* Begin PBXProject section */
		29A079CD2BA49C79006B9A80 /* Project object */ = {
			isa = PBXProject;
			attributes = {
				BuildIndependentTargetsInParallel = 1;
				LastSwiftUpdateCheck = 1530;
				LastUpgradeCheck = 1540;
				TargetAttributes = {
					29A079D42BA49C79006B9A80 = {
						CreatedOnToolsVersion = 15.3;
					};
				};
			};
			buildConfigurationList = 29A079D02BA49C79006B9A80 /* Build configuration list for PBXProject "ObservableWebView" */;
			compatibilityVersion = "Xcode 14.0";
			developmentRegion = en;
			hasScannedForEncodings = 0;
			knownRegions = (
				en,
				Base,
			);
			mainGroup = 29A079CC2BA49C79006B9A80;
			productRefGroup = 29A079D62BA49C79006B9A80 /* Products */;
			projectDirPath = "";
			projectRoot = "";
			targets = (
				29A079D42BA49C79006B9A80 /* ObservableWebView */,
			);
		};
/* End PBXProject section */

/* Begin PBXResourcesBuildPhase section */
		29A079D32BA49C79006B9A80 /* Resources */ = {
			isa = PBXResourcesBuildPhase;
			buildActionMask = 2147483647;
			files = (
				29A079E02BA49C7A006B9A80 /* Preview Assets.xcassets in Resources */,
				29A079DD2BA49C7A006B9A80 /* Assets.xcassets in Resources */,
			);
			runOnlyForDeploymentPostprocessing = 0;
		};
/* End PBXResourcesBuildPhase section */

/* Begin PBXSourcesBuildPhase section */
		29A079D12BA49C79006B9A80 /* Sources */ = {
			isa = PBXSourcesBuildPhase;
			buildActionMask = 2147483647;
			files = (
				29CF6F642BAA14C700C4E482 /* CustomizableToolbarIdentifiers.swift in Sources */,
				290FFE092BC1C59100A695F4 /* ViewExtension.swift in Sources */,
				29C1098E2BA4E89B00F88BBD /* SFSymbol.swift in Sources */,
				2934D9BB2BB61C4B003BFF66 /* UrlBarStyleModifier.swift in Sources */,
				29C109852BA4C48600F88BBD /* ObservableWebViewLoadState.swift in Sources */,
				290EEF382C0CC5BB00DB2809 /* BottomNavigationView.swift in Sources */,
				290EEF312C0CC28700DB2809 /* WebViewModelContainer.swift in Sources */,
				29CF6F5F2BA9FF9000C4E482 /* CustomizableBrowserToolbar.swift in Sources */,
				29CF6F662BAA156800C4E482 /* WindowProperties.swift in Sources */,
				29FF78792C0CD9860080E353 /* ObservableScriptMessageHandlerModifier.swift in Sources */,
				29EA6FDD2BA4A03500C8AB11 /* ObservableWebView.swift in Sources */,
				290EEF352C0CC35800DB2809 /* WindowView.swift in Sources */,
				29C109822BA4B0DD00F88BBD /* ObservableWebViewCoordinator.swift in Sources */,
				29A079DB2BA49C79006B9A80 /* WebViewContainer.swift in Sources */,
				29EA6FDB2BA49F1300C8AB11 /* ObservableWebViewManager.swift in Sources */,
				290FFE072BC1C57B00A695F4 /* KeyWindow.swift in Sources */,
				29C1098B2BA4E4BA00F88BBD /* PlatformColor.swift in Sources */,
				290EEF2F2C0CC23500DB2809 /* WebViewModel.swift in Sources */,
				2934D9BD2BB61CBA003BFF66 /* WindowPropertiesExtension.swift in Sources */,
				2934D9B92BB6110D003BFF66 /* UrlSearchBar.swift in Sources */,
				29C109912BA4E8CB00F88BBD /* SymbolButtons.swift in Sources */,
				29CF6F622BAA13E800C4E482 /* UrlSearchBarTextField.swift in Sources */,
				29A079D92BA49C79006B9A80 /* ObservableWebViewApp.swift in Sources */,
				290FFE022BC1BC1300A695F4 /* BrowserView.swift in Sources */,
				290EEF3B2C0CCA9500DB2809 /* ThemeColorModifier.swift in Sources */,
				29FF787D2C0CE2500080E353 /* Delay.swift in Sources */,
				2934D9B62BB5DCF1003BFF66 /* ProgressViewStyles.swift in Sources */,
				290EEF3D2C0CD58B00DB2809 /* AnimateToolbarBackgroundColor.swift in Sources */,
			);
			runOnlyForDeploymentPostprocessing = 0;
		};
/* End PBXSourcesBuildPhase section */

/* Begin XCBuildConfiguration section */
		29A079E22BA49C7A006B9A80 /* Debug */ = {
			isa = XCBuildConfiguration;
			buildSettings = {
				ALWAYS_SEARCH_USER_PATHS = NO;
				ASSETCATALOG_COMPILER_GENERATE_SWIFT_ASSET_SYMBOL_EXTENSIONS = YES;
				CLANG_ANALYZER_NONNULL = YES;
				CLANG_ANALYZER_NUMBER_OBJECT_CONVERSION = YES_AGGRESSIVE;
				CLANG_CXX_LANGUAGE_STANDARD = "gnu++20";
				CLANG_ENABLE_MODULES = YES;
				CLANG_ENABLE_OBJC_ARC = YES;
				CLANG_ENABLE_OBJC_WEAK = YES;
				CLANG_WARN_BLOCK_CAPTURE_AUTORELEASING = YES;
				CLANG_WARN_BOOL_CONVERSION = YES;
				CLANG_WARN_COMMA = YES;
				CLANG_WARN_CONSTANT_CONVERSION = YES;
				CLANG_WARN_DEPRECATED_OBJC_IMPLEMENTATIONS = YES;
				CLANG_WARN_DIRECT_OBJC_ISA_USAGE = YES_ERROR;
				CLANG_WARN_DOCUMENTATION_COMMENTS = YES;
				CLANG_WARN_EMPTY_BODY = YES;
				CLANG_WARN_ENUM_CONVERSION = YES;
				CLANG_WARN_INFINITE_RECURSION = YES;
				CLANG_WARN_INT_CONVERSION = YES;
				CLANG_WARN_NON_LITERAL_NULL_CONVERSION = YES;
				CLANG_WARN_OBJC_IMPLICIT_RETAIN_SELF = YES;
				CLANG_WARN_OBJC_LITERAL_CONVERSION = YES;
				CLANG_WARN_OBJC_ROOT_CLASS = YES_ERROR;
				CLANG_WARN_QUOTED_INCLUDE_IN_FRAMEWORK_HEADER = YES;
				CLANG_WARN_RANGE_LOOP_ANALYSIS = YES;
				CLANG_WARN_STRICT_PROTOTYPES = YES;
				CLANG_WARN_SUSPICIOUS_MOVE = YES;
				CLANG_WARN_UNGUARDED_AVAILABILITY = YES_AGGRESSIVE;
				CLANG_WARN_UNREACHABLE_CODE = YES;
				CLANG_WARN__DUPLICATE_METHOD_MATCH = YES;
				COPY_PHASE_STRIP = NO;
				DEAD_CODE_STRIPPING = YES;
				DEBUG_INFORMATION_FORMAT = dwarf;
				ENABLE_STRICT_OBJC_MSGSEND = YES;
				ENABLE_TESTABILITY = YES;
				ENABLE_USER_SCRIPT_SANDBOXING = YES;
				GCC_C_LANGUAGE_STANDARD = gnu17;
				GCC_DYNAMIC_NO_PIC = NO;
				GCC_NO_COMMON_BLOCKS = YES;
				GCC_OPTIMIZATION_LEVEL = 0;
				GCC_PREPROCESSOR_DEFINITIONS = (
					"DEBUG=1",
					"$(inherited)",
				);
				GCC_WARN_64_TO_32_BIT_CONVERSION = YES;
				GCC_WARN_ABOUT_RETURN_TYPE = YES_ERROR;
				GCC_WARN_UNDECLARED_SELECTOR = YES;
				GCC_WARN_UNINITIALIZED_AUTOS = YES_AGGRESSIVE;
				GCC_WARN_UNUSED_FUNCTION = YES;
				GCC_WARN_UNUSED_VARIABLE = YES;
				LOCALIZATION_PREFERS_STRING_CATALOGS = YES;
				MACOSX_DEPLOYMENT_TARGET = 14.4;
				MTL_ENABLE_DEBUG_INFO = INCLUDE_SOURCE;
				MTL_FAST_MATH = YES;
				ONLY_ACTIVE_ARCH = YES;
				SDKROOT = macosx;
				SWIFT_ACTIVE_COMPILATION_CONDITIONS = "DEBUG $(inherited)";
				SWIFT_OPTIMIZATION_LEVEL = "-Onone";
			};
			name = Debug;
		};
		29A079E32BA49C7A006B9A80 /* Release */ = {
			isa = XCBuildConfiguration;
			buildSettings = {
				ALWAYS_SEARCH_USER_PATHS = NO;
				ASSETCATALOG_COMPILER_GENERATE_SWIFT_ASSET_SYMBOL_EXTENSIONS = YES;
				CLANG_ANALYZER_NONNULL = YES;
				CLANG_ANALYZER_NUMBER_OBJECT_CONVERSION = YES_AGGRESSIVE;
				CLANG_CXX_LANGUAGE_STANDARD = "gnu++20";
				CLANG_ENABLE_MODULES = YES;
				CLANG_ENABLE_OBJC_ARC = YES;
				CLANG_ENABLE_OBJC_WEAK = YES;
				CLANG_WARN_BLOCK_CAPTURE_AUTORELEASING = YES;
				CLANG_WARN_BOOL_CONVERSION = YES;
				CLANG_WARN_COMMA = YES;
				CLANG_WARN_CONSTANT_CONVERSION = YES;
				CLANG_WARN_DEPRECATED_OBJC_IMPLEMENTATIONS = YES;
				CLANG_WARN_DIRECT_OBJC_ISA_USAGE = YES_ERROR;
				CLANG_WARN_DOCUMENTATION_COMMENTS = YES;
				CLANG_WARN_EMPTY_BODY = YES;
				CLANG_WARN_ENUM_CONVERSION = YES;
				CLANG_WARN_INFINITE_RECURSION = YES;
				CLANG_WARN_INT_CONVERSION = YES;
				CLANG_WARN_NON_LITERAL_NULL_CONVERSION = YES;
				CLANG_WARN_OBJC_IMPLICIT_RETAIN_SELF = YES;
				CLANG_WARN_OBJC_LITERAL_CONVERSION = YES;
				CLANG_WARN_OBJC_ROOT_CLASS = YES_ERROR;
				CLANG_WARN_QUOTED_INCLUDE_IN_FRAMEWORK_HEADER = YES;
				CLANG_WARN_RANGE_LOOP_ANALYSIS = YES;
				CLANG_WARN_STRICT_PROTOTYPES = YES;
				CLANG_WARN_SUSPICIOUS_MOVE = YES;
				CLANG_WARN_UNGUARDED_AVAILABILITY = YES_AGGRESSIVE;
				CLANG_WARN_UNREACHABLE_CODE = YES;
				CLANG_WARN__DUPLICATE_METHOD_MATCH = YES;
				COPY_PHASE_STRIP = NO;
				DEAD_CODE_STRIPPING = YES;
				DEBUG_INFORMATION_FORMAT = "dwarf-with-dsym";
				ENABLE_NS_ASSERTIONS = NO;
				ENABLE_STRICT_OBJC_MSGSEND = YES;
				ENABLE_USER_SCRIPT_SANDBOXING = YES;
				GCC_C_LANGUAGE_STANDARD = gnu17;
				GCC_NO_COMMON_BLOCKS = YES;
				GCC_WARN_64_TO_32_BIT_CONVERSION = YES;
				GCC_WARN_ABOUT_RETURN_TYPE = YES_ERROR;
				GCC_WARN_UNDECLARED_SELECTOR = YES;
				GCC_WARN_UNINITIALIZED_AUTOS = YES_AGGRESSIVE;
				GCC_WARN_UNUSED_FUNCTION = YES;
				GCC_WARN_UNUSED_VARIABLE = YES;
				LOCALIZATION_PREFERS_STRING_CATALOGS = YES;
				MACOSX_DEPLOYMENT_TARGET = 14.4;
				MTL_ENABLE_DEBUG_INFO = NO;
				MTL_FAST_MATH = YES;
				SDKROOT = macosx;
				SWIFT_COMPILATION_MODE = wholemodule;
			};
			name = Release;
		};
		29A079E52BA49C7A006B9A80 /* Debug */ = {
			isa = XCBuildConfiguration;
			buildSettings = {
				ASSETCATALOG_COMPILER_APPICON_NAME = AppIcon;
				ASSETCATALOG_COMPILER_GLOBAL_ACCENT_COLOR_NAME = AccentColor;
				CODE_SIGN_ENTITLEMENTS = ObservableWebView/ObservableWebView.entitlements;
				CODE_SIGN_STYLE = Automatic;
				COMBINE_HIDPI_IMAGES = YES;
				CURRENT_PROJECT_VERSION = 1;
				DEAD_CODE_STRIPPING = YES;
				DEVELOPMENT_ASSET_PATHS = "\"ObservableWebView/Preview Content\"";
				DEVELOPMENT_TEAM = 85N3S3DG8M;
				ENABLE_HARDENED_RUNTIME = YES;
				ENABLE_PREVIEWS = YES;
				GENERATE_INFOPLIST_FILE = YES;
				INFOPLIST_KEY_NSHumanReadableCopyright = "";
				LD_RUNPATH_SEARCH_PATHS = (
					"$(inherited)",
					"@executable_path/../Frameworks",
				);
				MACOSX_DEPLOYMENT_TARGET = 14.0;
				MARKETING_VERSION = 1.0;
				PRODUCT_BUNDLE_IDENTIFIER = com.buzsh.ObservableWebView;
				PRODUCT_NAME = "$(TARGET_NAME)";
				SWIFT_EMIT_LOC_STRINGS = YES;
				SWIFT_VERSION = 5.0;
			};
			name = Debug;
		};
		29A079E62BA49C7A006B9A80 /* Release */ = {
			isa = XCBuildConfiguration;
			buildSettings = {
				ASSETCATALOG_COMPILER_APPICON_NAME = AppIcon;
				ASSETCATALOG_COMPILER_GLOBAL_ACCENT_COLOR_NAME = AccentColor;
				CODE_SIGN_ENTITLEMENTS = ObservableWebView/ObservableWebView.entitlements;
				CODE_SIGN_STYLE = Automatic;
				COMBINE_HIDPI_IMAGES = YES;
				CURRENT_PROJECT_VERSION = 1;
				DEAD_CODE_STRIPPING = YES;
				DEVELOPMENT_ASSET_PATHS = "\"ObservableWebView/Preview Content\"";
				DEVELOPMENT_TEAM = 85N3S3DG8M;
				ENABLE_HARDENED_RUNTIME = YES;
				ENABLE_PREVIEWS = YES;
				GENERATE_INFOPLIST_FILE = YES;
				INFOPLIST_KEY_NSHumanReadableCopyright = "";
				LD_RUNPATH_SEARCH_PATHS = (
					"$(inherited)",
					"@executable_path/../Frameworks",
				);
				MACOSX_DEPLOYMENT_TARGET = 14.0;
				MARKETING_VERSION = 1.0;
				PRODUCT_BUNDLE_IDENTIFIER = com.buzsh.ObservableWebView;
				PRODUCT_NAME = "$(TARGET_NAME)";
				SWIFT_EMIT_LOC_STRINGS = YES;
				SWIFT_VERSION = 5.0;
			};
			name = Release;
		};
/* End XCBuildConfiguration section */

/* Begin XCConfigurationList section */
		29A079D02BA49C79006B9A80 /* Build configuration list for PBXProject "ObservableWebView" */ = {
			isa = XCConfigurationList;
			buildConfigurations = (
				29A079E22BA49C7A006B9A80 /* Debug */,
				29A079E32BA49C7A006B9A80 /* Release */,
			);
			defaultConfigurationIsVisible = 0;
			defaultConfigurationName = Release;
		};
		29A079E42BA49C7A006B9A80 /* Build configuration list for PBXNativeTarget "ObservableWebView" */ = {
			isa = XCConfigurationList;
			buildConfigurations = (
				29A079E52BA49C7A006B9A80 /* Debug */,
				29A079E62BA49C7A006B9A80 /* Release */,
			);
			defaultConfigurationIsVisible = 0;
			defaultConfigurationName = Release;
		};
/* End XCConfigurationList section */
	};
	rootObject = 29A079CD2BA49C79006B9A80 /* Project object */;
}
